
Microsoft Visual Studio Solution File, Format Version 12.00
# Visual Studio Version 17
VisualStudioVersion = 17.8.34330.188
MinimumVisualStudioVersion = 10.0.40219.1
Project("{FAE04EC0-301F-11D3-BF4B-00C04F79EFBC}") = "MissingPersonAPI", "MissingPersonAPI\MissingPersonAPI.csproj", "{440D0958-27FF-47BC-9B37-53FDE90C2CB8}"
EndProject
Global
	GlobalSection(SolutionConfigurationPlatforms) = preSolution
		Debug|Any CPU = Debug|Any CPU
		Release|Any CPU = Release|Any CPU
	EndGlobalSection
	GlobalSection(ProjectConfigurationPlatforms) = postSolution
		{440D0958-27FF-47BC-9B37-53FDE90C2CB8}.Debug|Any CPU.ActiveCfg = Debug|Any CPU
		{440D0958-27FF-47BC-9B37-53FDE90C2CB8}.Debug|Any CPU.Build.0 = Debug|Any CPU
		{440D0958-27FF-47BC-9B37-53FDE90C2CB8}.Release|Any CPU.ActiveCfg = Release|Any CPU
		{440D0958-27FF-47BC-9B37-53FDE90C2CB8}.Release|Any CPU.Build.0 = Release|Any CPU
	EndGlobalSection
	GlobalSection(SolutionProperties) = preSolution
		HideSolutionNode = FALSE
	EndGlobalSection
	GlobalSection(ExtensibilityGlobals) = postSolution
		SolutionGuid = {4199D388-7B43-4EAB-9428-A981AC05E285}
	EndGlobalSection
EndGlobal
